
Microsoft Visual Studio Solution File, Format Version 12.00
# Visual Studio Version 16
VisualStudioVersion = 16.0.29326.143
MinimumVisualStudioVersion = 10.0.40219.1
Project("{FAE04EC0-301F-11D3-BF4B-00C04F79EFBC}") = "ABranchPrediction", "ABranchPrediction\ABranchPrediction.csproj", "{FE5DE1A6-C007-4E8C-ABF7-7D9839AC81F9}"
EndProject
Project("{FAE04EC0-301F-11D3-BF4B-00C04F79EFBC}") = "BCreateThread", "BCreateThread\BCreateThread.csproj", "{B76976E1-F852-45FC-AFF2-5A158EC6A74B}"
EndProject
Project("{FAE04EC0-301F-11D3-BF4B-00C04F79EFBC}") = "CThreadPriorities", "CThreadPriorities\CThreadPriorities.csproj", "{A258DB51-8354-4DAE-A317-83821E806995}"
EndProject
Project("{FAE04EC0-301F-11D3-BF4B-00C04F79EFBC}") = "DThreadsExceptions", "DThreadsExceptions\DThreadsExceptions.csproj", "{40F6013D-E07A-4A97-A92D-397578BB1DEF}"
EndProject
Project("{FAE04EC0-301F-11D3-BF4B-00C04F79EFBC}") = "EQotd", "EQotd\EQotd.csproj", "{CC61A9B6-F0E9-42CB-94B2-1BAB6586246C}"
EndProject
Global
	GlobalSection(SolutionConfigurationPlatforms) = preSolution
		Debug|Any CPU = Debug|Any CPU
		Release|Any CPU = Release|Any CPU
	EndGlobalSection
	GlobalSection(ProjectConfigurationPlatforms) = postSolution
		{FE5DE1A6-C007-4E8C-ABF7-7D9839AC81F9}.Debug|Any CPU.ActiveCfg = Debug|Any CPU
		{FE5DE1A6-C007-4E8C-ABF7-7D9839AC81F9}.Debug|Any CPU.Build.0 = Debug|Any CPU
		{FE5DE1A6-C007-4E8C-ABF7-7D9839AC81F9}.Release|Any CPU.ActiveCfg = Release|Any CPU
		{FE5DE1A6-C007-4E8C-ABF7-7D9839AC81F9}.Release|Any CPU.Build.0 = Release|Any CPU
		{B76976E1-F852-45FC-AFF2-5A158EC6A74B}.Debug|Any CPU.ActiveCfg = Debug|Any CPU
		{B76976E1-F852-45FC-AFF2-5A158EC6A74B}.Debug|Any CPU.Build.0 = Debug|Any CPU
		{B76976E1-F852-45FC-AFF2-5A158EC6A74B}.Release|Any CPU.ActiveCfg = Release|Any CPU
		{B76976E1-F852-45FC-AFF2-5A158EC6A74B}.Release|Any CPU.Build.0 = Release|Any CPU
		{A258DB51-8354-4DAE-A317-83821E806995}.Debug|Any CPU.ActiveCfg = Debug|Any CPU
		{A258DB51-8354-4DAE-A317-83821E806995}.Debug|Any CPU.Build.0 = Debug|Any CPU
		{A258DB51-8354-4DAE-A317-83821E806995}.Release|Any CPU.ActiveCfg = Release|Any CPU
		{A258DB51-8354-4DAE-A317-83821E806995}.Release|Any CPU.Build.0 = Release|Any CPU
		{40F6013D-E07A-4A97-A92D-397578BB1DEF}.Debug|Any CPU.ActiveCfg = Debug|Any CPU
		{40F6013D-E07A-4A97-A92D-397578BB1DEF}.Debug|Any CPU.Build.0 = Debug|Any CPU
		{40F6013D-E07A-4A97-A92D-397578BB1DEF}.Release|Any CPU.ActiveCfg = Release|Any CPU
		{40F6013D-E07A-4A97-A92D-397578BB1DEF}.Release|Any CPU.Build.0 = Release|Any CPU
		{CC61A9B6-F0E9-42CB-94B2-1BAB6586246C}.Debug|Any CPU.ActiveCfg = Debug|Any CPU
		{CC61A9B6-F0E9-42CB-94B2-1BAB6586246C}.Debug|Any CPU.Build.0 = Debug|Any CPU
		{CC61A9B6-F0E9-42CB-94B2-1BAB6586246C}.Release|Any CPU.ActiveCfg = Release|Any CPU
		{CC61A9B6-F0E9-42CB-94B2-1BAB6586246C}.Release|Any CPU.Build.0 = Release|Any CPU
	EndGlobalSection
	GlobalSection(SolutionProperties) = preSolution
		HideSolutionNode = FALSE
	EndGlobalSection
	GlobalSection(ExtensibilityGlobals) = postSolution
		SolutionGuid = {55A60ED2-E9A2-4104-B605-B01CD230C7E2}
	EndGlobalSection
EndGlobal
